{
  "name": "zmqtest",
  "version": "1.0.0",
  "lockfileVersion": 3,
  "requires": true,
  "packages": {
    "": {
      "name": "zmqtest",
      "version": "1.0.0",
      "license": "ISC",
      "dependencies": {
        "@jupyterlab/services": "^7.1.1",
        "@phosphor/algorithm": "^1.2.0",
        "@phosphor/coreutils": "^1.3.1",
        "@phosphor/disposable": "^1.3.1",
        "@phosphor/signaling": "^1.3.1",
        "minimist": "^1.2.8",
        "url-parse": "^1.5.10",
        "ws": "^8.16.0",
        "zeromq": "^6.0.0-beta.19"
      }
    },
    "node_modules/@aminya/node-gyp-build": {
      "version": "4.5.0-aminya.5",
      "resolved": "https://registry.npmjs.org/@aminya/node-gyp-build/-/node-gyp-build-4.5.0-aminya.5.tgz",
      "integrity": "sha512-TO7GldxDfSeSRNZVmhlm0liS2GX2o2Q/qTlcD3iD4ltTM6dir568LTRZ+ZDsDbLfMAkfhrbU+VuzNYImwYfczg==",
      "bin": {
        "aminya-node-gyp-build": "bin.js",
        "aminya-node-gyp-build-optional": "optional.js",
        "aminya-node-gyp-build-test": "build-test.js"
      }
    },
    "node_modules/@jupyter/ydoc": {
      "version": "1.1.1",
      "resolved": "https://registry.npmjs.org/@jupyter/ydoc/-/ydoc-1.1.1.tgz",
      "integrity": "sha512-fXx9CbUwUlXBsJo83tBQL3T0MgWT4YYz2ozcSFj0ymZSohAnI1uo7N9CPpVe4/nmc9uG1lFdlXC4XQBevi2jSA==",
      "dependencies": {
        "@jupyterlab/nbformat": "^3.0.0 || ^4.0.0-alpha.21 || ^4.0.0",
        "@lumino/coreutils": "^1.11.0 || ^2.0.0",
        "@lumino/disposable": "^1.10.0 || ^2.0.0",
        "@lumino/signaling": "^1.10.0 || ^2.0.0",
        "y-protocols": "^1.0.5",
        "yjs": "^13.5.40"
      }
    },
    "node_modules/@jupyterlab/coreutils": {
      "version": "6.1.1",
      "resolved": "https://registry.npmjs.org/@jupyterlab/coreutils/-/coreutils-6.1.1.tgz",
      "integrity": "sha512-KaXPTJUSMcIQPDEmhO131kXjJaKXnxdcGwIc94HY7a1tUTOgYb6j/p/Wln9Eh9EwXGnDVYdu1uHEp2X97KnwBQ==",
      "dependencies": {
        "@lumino/coreutils": "^2.1.2",
        "@lumino/disposable": "^2.1.2",
        "@lumino/signaling": "^2.1.2",
        "minimist": "~1.2.0",
        "path-browserify": "^1.0.0",
        "url-parse": "~1.5.4"
      }
    },
    "node_modules/@jupyterlab/nbformat": {
      "version": "4.1.1",
      "resolved": "https://registry.npmjs.org/@jupyterlab/nbformat/-/nbformat-4.1.1.tgz",
      "integrity": "sha512-x6bYF6vOwVLH4Lq8P3M6cCdrF7wxVGkH9KeInB0xqoHMUOnM+wGs1P+1qgEKNWG2NYQdnYizS9EXJmOVYi/U7Q==",
      "dependencies": {
        "@lumino/coreutils": "^2.1.2"
      }
    },
    "node_modules/@jupyterlab/services": {
      "version": "7.1.1",
      "resolved": "https://registry.npmjs.org/@jupyterlab/services/-/services-7.1.1.tgz",
      "integrity": "sha512-yyl9yWHn2mqqFRFX4jxa6Yhi328hWXBEANNzYlcG/8IHlF00UcwinkMGZaiMiUTvJszs1KPqpJ+NtsnxRIRSsw==",
      "dependencies": {
        "@jupyter/ydoc": "^1.1.1",
        "@jupyterlab/coreutils": "^6.1.1",
        "@jupyterlab/nbformat": "^4.1.1",
        "@jupyterlab/settingregistry": "^4.1.1",
        "@jupyterlab/statedb": "^4.1.1",
        "@lumino/coreutils": "^2.1.2",
        "@lumino/disposable": "^2.1.2",
        "@lumino/polling": "^2.1.2",
        "@lumino/properties": "^2.0.1",
        "@lumino/signaling": "^2.1.2",
        "ws": "^8.11.0"
      }
    },
    "node_modules/@jupyterlab/settingregistry": {
      "version": "4.1.1",
      "resolved": "https://registry.npmjs.org/@jupyterlab/settingregistry/-/settingregistry-4.1.1.tgz",
      "integrity": "sha512-d8cpRE9QW7fAJHCcrVlJX9gQGlOAXxeOqpmFeY2hNVydJW9LaNpneKxUBvSehR6+y1zUuJtX6ixT2gQ9fqil9g==",
      "dependencies": {
        "@jupyterlab/nbformat": "^4.1.1",
        "@jupyterlab/statedb": "^4.1.1",
        "@lumino/commands": "^2.2.0",
        "@lumino/coreutils": "^2.1.2",
        "@lumino/disposable": "^2.1.2",
        "@lumino/signaling": "^2.1.2",
        "@rjsf/utils": "^5.13.4",
        "ajv": "^8.12.0",
        "json5": "^2.2.3"
      },
      "peerDependencies": {
        "react": ">=16"
      }
    },
    "node_modules/@jupyterlab/statedb": {
      "version": "4.1.1",
      "resolved": "https://registry.npmjs.org/@jupyterlab/statedb/-/statedb-4.1.1.tgz",
      "integrity": "sha512-S7w1o3Q2EYdzy5w5HOQJVW5o1EEy5W3z/thRgApDE/mXGgY+zqcVJqhUhL/whfxwmFh6zb9DgyI8F9LH0/wK0A==",
      "dependencies": {
        "@lumino/commands": "^2.2.0",
        "@lumino/coreutils": "^2.1.2",
        "@lumino/disposable": "^2.1.2",
        "@lumino/properties": "^2.0.1",
        "@lumino/signaling": "^2.1.2"
      }
    },
    "node_modules/@lumino/algorithm": {
      "version": "2.0.1",
      "resolved": "https://registry.npmjs.org/@lumino/algorithm/-/algorithm-2.0.1.tgz",
      "integrity": "sha512-iA+uuvA7DeNFB0/cQpIWNgO1c6z4pOSigifjstLy+rxf1U5ZzxIq+xudnEuTbWgKSTviG02j4cKwCyx1PO6rzA=="
    },
    "node_modules/@lumino/commands": {
      "version": "2.2.0",
      "resolved": "https://registry.npmjs.org/@lumino/commands/-/commands-2.2.0.tgz",
      "integrity": "sha512-xm+4rFithAd/DLZheQcS0GJaI3m0gVg07mCEZAWBLolN5e7w6XTr17VuD7J6KSjdBygMKZ3n8GlEkpcRNWEajA==",
      "dependencies": {
        "@lumino/algorithm": "^2.0.1",
        "@lumino/coreutils": "^2.1.2",
        "@lumino/disposable": "^2.1.2",
        "@lumino/domutils": "^2.0.1",
        "@lumino/keyboard": "^2.0.1",
        "@lumino/signaling": "^2.1.2",
        "@lumino/virtualdom": "^2.0.1"
      }
    },
    "node_modules/@lumino/coreutils": {
      "version": "2.1.2",
      "resolved": "https://registry.npmjs.org/@lumino/coreutils/-/coreutils-2.1.2.tgz",
      "integrity": "sha512-vyz7WzchTO4HQ8iVAxvSUmb5o/8t3cz1vBo8V4ZIaPGada0Jx0xe3tKQ8bXp4pjHc+AEhMnkCnlUyVYMWbnj4A=="
    },
    "node_modules/@lumino/disposable": {
      "version": "2.1.2",
      "resolved": "https://registry.npmjs.org/@lumino/disposable/-/disposable-2.1.2.tgz",
      "integrity": "sha512-0qmB6zPt9+uj4SVMTfISn0wUOjYHahtKotwxDD5flfcscj2gsXaFCXO4Oqot1zcsZbg8uJmTUhEzAvFW0QhFNA==",
      "dependencies": {
        "@lumino/signaling": "^2.1.2"
      }
    },
    "node_modules/@lumino/domutils": {
      "version": "2.0.1",
      "resolved": "https://registry.npmjs.org/@lumino/domutils/-/domutils-2.0.1.tgz",
      "integrity": "sha512-tbcfhsdKH04AMjSgYAYGD2xE80YcjrqKnfMTeU2NHt4J294Hzxs1GvEmSMk5qJ3Bbgwx6Z4BbQ7apnFg8Gc6cA=="
    },
    "node_modules/@lumino/keyboard": {
      "version": "2.0.1",
      "resolved": "https://registry.npmjs.org/@lumino/keyboard/-/keyboard-2.0.1.tgz",
      "integrity": "sha512-R2mrH9HCEcv/0MSAl7bEUbjCNOnhrg49nXZBEVckg//TEG+sdayCsyrbJNMPcZ07asIPKc6mq3v7DpAmDKqh+w=="
    },
    "node_modules/@lumino/polling": {
      "version": "2.1.2",
      "resolved": "https://registry.npmjs.org/@lumino/polling/-/polling-2.1.2.tgz",
      "integrity": "sha512-hv6MT7xuSrw2gW4VIoiz3L366ZdZz4oefht+7HIW/VUB6seSDp0kVyZ4P9P4I4s/LauuzPqru3eWr7QAsFZyGA==",
      "dependencies": {
        "@lumino/coreutils": "^2.1.2",
        "@lumino/disposable": "^2.1.2",
        "@lumino/signaling": "^2.1.2"
      }
    },
    "node_modules/@lumino/properties": {
      "version": "2.0.1",
      "resolved": "https://registry.npmjs.org/@lumino/properties/-/properties-2.0.1.tgz",
      "integrity": "sha512-RPtHrp8cQqMnTC915lOIdrmsbPDCC7PhPOZb2YY7/Jj6dEdwmGhoMthc2tBEYWoHP+tU/hVm8UR/mEQby22srQ=="
    },
    "node_modules/@lumino/signaling": {
      "version": "2.1.2",
      "resolved": "https://registry.npmjs.org/@lumino/signaling/-/signaling-2.1.2.tgz",
      "integrity": "sha512-KtwKxx+xXkLOX/BdSqtvnsqBTPKDIENFBKeYkMTxstQc3fHRmyTzmaVoeZES+pr1EUy3e8vM4pQFVQpb8VsDdA==",
      "dependencies": {
        "@lumino/algorithm": "^2.0.1",
        "@lumino/coreutils": "^2.1.2"
      }
    },
    "node_modules/@lumino/virtualdom": {
      "version": "2.0.1",
      "resolved": "https://registry.npmjs.org/@lumino/virtualdom/-/virtualdom-2.0.1.tgz",
      "integrity": "sha512-WNM+uUZX7vORhlDRN9NmhEE04Tz1plDjtbwsX+i/51pQj2N2r7+gsVPY/gR4w+I5apmC3zG8/BojjJYIwi8ogA==",
      "dependencies": {
        "@lumino/algorithm": "^2.0.1"
      }
    },
    "node_modules/@phosphor/algorithm": {
      "version": "1.2.0",
      "resolved": "https://registry.npmjs.org/@phosphor/algorithm/-/algorithm-1.2.0.tgz",
      "integrity": "sha512-C9+dnjXyU2QAkWCW6QVDGExk4hhwxzAKf5/FIuYlHAI9X5vFv99PYm0EREDxX1PbMuvfFBZhPNu0PvuSDQ7sFA=="
    },
    "node_modules/@phosphor/coreutils": {
      "version": "1.3.1",
      "resolved": "https://registry.npmjs.org/@phosphor/coreutils/-/coreutils-1.3.1.tgz",
      "integrity": "sha512-9OHCn8LYRcPU/sbHm5v7viCA16Uev3gbdkwqoQqlV+EiauDHl70jmeL7XVDXdigl66Dz0LI11C99XOxp+s3zOA=="
    },
    "node_modules/@phosphor/disposable": {
      "version": "1.3.1",
      "resolved": "https://registry.npmjs.org/@phosphor/disposable/-/disposable-1.3.1.tgz",
      "integrity": "sha512-0NGzoTXTOizWizK/brKKd5EjJhuuEH4903tLika7q6wl/u0tgneJlTh7R+MBVeih0iNxtuJAfBa3IEY6Qmj+Sw==",
      "dependencies": {
        "@phosphor/algorithm": "^1.2.0",
        "@phosphor/signaling": "^1.3.1"
      }
    },
    "node_modules/@phosphor/signaling": {
      "version": "1.3.1",
      "resolved": "https://registry.npmjs.org/@phosphor/signaling/-/signaling-1.3.1.tgz",
      "integrity": "sha512-Eq3wVCPQAhUd9+gUGaYygMr+ov7dhSGblSBXiDzpZlSIfa8OVD4P3cCvYXr/acDTNmZ/gHTcSFO8/n3rDkeXzg==",
      "dependencies": {
        "@phosphor/algorithm": "^1.2.0"
      }
    },
    "node_modules/@rjsf/utils": {
      "version": "5.17.0",
      "resolved": "https://registry.npmjs.org/@rjsf/utils/-/utils-5.17.0.tgz",
      "integrity": "sha512-Hy2uAxMKWZIZSMzc2AiHrdACYvHj9GDynrdApMgUTxfjpzj5DT7Rghl/FGj7gg8Zy8VtdVNTCbkIzfS8xt4x7g==",
      "dependencies": {
        "json-schema-merge-allof": "^0.8.1",
        "jsonpointer": "^5.0.1",
        "lodash": "^4.17.21",
        "lodash-es": "^4.17.21",
        "react-is": "^18.2.0"
      },
      "engines": {
        "node": ">=14"
      },
      "peerDependencies": {
        "react": "^16.14.0 || >=17"
      }
    },
    "node_modules/ajv": {
      "version": "8.12.0",
      "resolved": "https://registry.npmjs.org/ajv/-/ajv-8.12.0.tgz",
      "integrity": "sha512-sRu1kpcO9yLtYxBKvqfTeh9KzZEwO3STyX1HT+4CaDzC6HpTGYhIhPIzj9XuKU7KYDwnaeh5hcOwjy1QuJzBPA==",
      "dependencies": {
        "fast-deep-equal": "^3.1.1",
        "json-schema-traverse": "^1.0.0",
        "require-from-string": "^2.0.2",
        "uri-js": "^4.2.2"
      },
      "funding": {
        "type": "github",
        "url": "https://github.com/sponsors/epoberezkin"
      }
    },
    "node_modules/balanced-match": {
      "version": "1.0.2",
      "resolved": "https://registry.npmjs.org/balanced-match/-/balanced-match-1.0.2.tgz",
      "integrity": "sha512-3oSeUO0TMV67hN1AmbXsK4yaqU7tjiHlbxRDZOpH0KW9+CeX4bRAaX0Anxt0tx2MrpRpWwQaPwIlISEJhYU5Pw=="
    },
    "node_modules/brace-expansion": {
      "version": "1.1.11",
      "resolved": "https://registry.npmjs.org/brace-expansion/-/brace-expansion-1.1.11.tgz",
      "integrity": "sha512-iCuPHDFgrHX7H2vEI/5xpz07zSHB00TpugqhmYtVmMO6518mCuRMoOYFldEBl0g187ufozdaHgWKcYFb61qGiA==",
      "dependencies": {
        "balanced-match": "^1.0.0",
        "concat-map": "0.0.1"
      }
    },
    "node_modules/compute-gcd": {
      "version": "1.2.1",
      "resolved": "https://registry.npmjs.org/compute-gcd/-/compute-gcd-1.2.1.tgz",
      "integrity": "sha512-TwMbxBNz0l71+8Sc4czv13h4kEqnchV9igQZBi6QUaz09dnz13juGnnaWWJTRsP3brxOoxeB4SA2WELLw1hCtg==",
      "dependencies": {
        "validate.io-array": "^1.0.3",
        "validate.io-function": "^1.0.2",
        "validate.io-integer-array": "^1.0.0"
      }
    },
    "node_modules/compute-lcm": {
      "version": "1.1.2",
      "resolved": "https://registry.npmjs.org/compute-lcm/-/compute-lcm-1.1.2.tgz",
      "integrity": "sha512-OFNPdQAXnQhDSKioX8/XYT6sdUlXwpeMjfd6ApxMJfyZ4GxmLR1xvMERctlYhlHwIiz6CSpBc2+qYKjHGZw4TQ==",
      "dependencies": {
        "compute-gcd": "^1.2.1",
        "validate.io-array": "^1.0.3",
        "validate.io-function": "^1.0.2",
        "validate.io-integer-array": "^1.0.0"
      }
    },
    "node_modules/concat-map": {
      "version": "0.0.1",
      "resolved": "https://registry.npmjs.org/concat-map/-/concat-map-0.0.1.tgz",
      "integrity": "sha512-/Srv4dswyQNBfohGpz9o6Yb3Gz3SrUDqBH5rTuhGR7ahtlbYKnVxw2bCFMRljaA7EXHaXZ8wsHdodFvbkhKmqg=="
    },
    "node_modules/cross-env": {
      "version": "7.0.3",
      "resolved": "https://registry.npmjs.org/cross-env/-/cross-env-7.0.3.tgz",
      "integrity": "sha512-+/HKd6EgcQCJGh2PSjZuUitQBQynKor4wrFbRg4DtAgS1aWO+gU52xpH7M9ScGgXSYmAVS9bIJ8EzuaGw0oNAw==",
      "dependencies": {
        "cross-spawn": "^7.0.1"
      },
      "bin": {
        "cross-env": "src/bin/cross-env.js",
        "cross-env-shell": "src/bin/cross-env-shell.js"
      },
      "engines": {
        "node": ">=10.14",
        "npm": ">=6",
        "yarn": ">=1"
      }
    },
    "node_modules/cross-spawn": {
      "version": "7.0.3",
      "resolved": "https://registry.npmjs.org/cross-spawn/-/cross-spawn-7.0.3.tgz",
      "integrity": "sha512-iRDPJKUPVEND7dHPO8rkbOnPpyDygcDFtWjpeWNCgy8WP2rXcxXL8TskReQl6OrB2G7+UJrags1q15Fudc7G6w==",
      "dependencies": {
        "path-key": "^3.1.0",
        "shebang-command": "^2.0.0",
        "which": "^2.0.1"
      },
      "engines": {
        "node": ">= 8"
      }
    },
    "node_modules/fast-deep-equal": {
      "version": "3.1.3",
      "resolved": "https://registry.npmjs.org/fast-deep-equal/-/fast-deep-equal-3.1.3.tgz",
      "integrity": "sha512-f3qQ9oQy9j2AhBe/H9VC91wLmKBCCU/gDOnKNAYG5hswO7BLKj09Hc5HYNz9cGI++xlpDCIgDaitVs03ATR84Q=="
    },
    "node_modules/fs.realpath": {
      "version": "1.0.0",
      "resolved": "https://registry.npmjs.org/fs.realpath/-/fs.realpath-1.0.0.tgz",
      "integrity": "sha512-OO0pH2lK6a0hZnAdau5ItzHPI6pUlvI7jMVnxUQRtw4owF2wk8lOSabtGDCTP4Ggrg2MbGnWO9X8K1t4+fGMDw=="
    },
    "node_modules/function-bind": {
      "version": "1.1.2",
      "resolved": "https://registry.npmjs.org/function-bind/-/function-bind-1.1.2.tgz",
      "integrity": "sha512-7XHNxH7qX9xG5mIwxkhumTox/MIRNcOgDrxWsMt2pAr23WHp6MrRlN7FBSFpCpr+oVO0F744iUgR82nJMfG2SA==",
      "funding": {
        "url": "https://github.com/sponsors/ljharb"
      }
    },
    "node_modules/glob": {
      "version": "7.2.3",
      "resolved": "https://registry.npmjs.org/glob/-/glob-7.2.3.tgz",
      "integrity": "sha512-nFR0zLpU2YCaRxwoCJvL6UvCH2JFyFVIvwTLsIf21AuHlMskA1hhTdk+LlYJtOlYt9v6dvszD2BGRqBL+iQK9Q==",
      "dependencies": {
        "fs.realpath": "^1.0.0",
        "inflight": "^1.0.4",
        "inherits": "2",
        "minimatch": "^3.1.1",
        "once": "^1.3.0",
        "path-is-absolute": "^1.0.0"
      },
      "engines": {
        "node": "*"
      },
      "funding": {
        "url": "https://github.com/sponsors/isaacs"
      }
    },
    "node_modules/hasown": {
      "version": "2.0.1",
      "resolved": "https://registry.npmjs.org/hasown/-/hasown-2.0.1.tgz",
      "integrity": "sha512-1/th4MHjnwncwXsIW6QMzlvYL9kG5e/CpVvLRZe4XPa8TOUNbCELqmvhDmnkNsAjwaG4+I8gJJL0JBvTTLO9qA==",
      "dependencies": {
        "function-bind": "^1.1.2"
      },
      "engines": {
        "node": ">= 0.4"
      }
    },
    "node_modules/inflight": {
      "version": "1.0.6",
      "resolved": "https://registry.npmjs.org/inflight/-/inflight-1.0.6.tgz",
      "integrity": "sha512-k92I/b08q4wvFscXCLvqfsHCrjrF7yiXsQuIVvVE7N82W3+aqpzuUdBbfhWcy/FZR3/4IgflMgKLOsvPDrGCJA==",
      "dependencies": {
        "once": "^1.3.0",
        "wrappy": "1"
      }
    },
    "node_modules/inherits": {
      "version": "2.0.4",
      "resolved": "https://registry.npmjs.org/inherits/-/inherits-2.0.4.tgz",
      "integrity": "sha512-k/vGaX4/Yla3WzyMCvTQOXYeIHvqOKtnqBduzTHpzpQZzAskKMhZ2K+EnBiSM9zGSoIFeMpXKxa4dYeZIQqewQ=="
    },
    "node_modules/interpret": {
      "version": "1.4.0",
      "resolved": "https://registry.npmjs.org/interpret/-/interpret-1.4.0.tgz",
      "integrity": "sha512-agE4QfB2Lkp9uICn7BAqoscw4SZP9kTE2hxiFI3jBPmXJfdqiahTbUuKGsMoN2GtqL9AxhYioAcVvgsb1HvRbA==",
      "engines": {
        "node": ">= 0.10"
      }
    },
    "node_modules/is-core-module": {
      "version": "2.13.1",
      "resolved": "https://registry.npmjs.org/is-core-module/-/is-core-module-2.13.1.tgz",
      "integrity": "sha512-hHrIjvZsftOsvKSn2TRYl63zvxsgE0K+0mYMoH6gD4omR5IWB2KynivBQczo3+wF1cCkjzvptnI9Q0sPU66ilw==",
      "dependencies": {
        "hasown": "^2.0.0"
      },
      "funding": {
        "url": "https://github.com/sponsors/ljharb"
      }
    },
    "node_modules/isexe": {
      "version": "2.0.0",
      "resolved": "https://registry.npmjs.org/isexe/-/isexe-2.0.0.tgz",
      "integrity": "sha512-RHxMLp9lnKHGHRng9QFhRCMbYAcVpn69smSGcq3f36xjgVVWThj4qqLbTLlq7Ssj8B+fIQ1EuCEGI2lKsyQeIw=="
    },
    "node_modules/isomorphic.js": {
      "version": "0.2.5",
      "resolved": "https://registry.npmjs.org/isomorphic.js/-/isomorphic.js-0.2.5.tgz",
      "integrity": "sha512-PIeMbHqMt4DnUP3MA/Flc0HElYjMXArsw1qwJZcm9sqR8mq3l8NYizFMty0pWwE/tzIGH3EKK5+jes5mAr85yw==",
      "funding": {
        "type": "GitHub Sponsors ❤",
        "url": "https://github.com/sponsors/dmonad"
      }
    },
    "node_modules/js-tokens": {
      "version": "4.0.0",
      "resolved": "https://registry.npmjs.org/js-tokens/-/js-tokens-4.0.0.tgz",
      "integrity": "sha512-RdJUflcE3cUzKiMqQgsCu06FPu9UdIJO0beYbPhHN4k6apgJtifcoCtT9bcxOpYBtpD2kCM6Sbzg4CausW/PKQ==",
      "peer": true
    },
    "node_modules/json-schema-compare": {
      "version": "0.2.2",
      "resolved": "https://registry.npmjs.org/json-schema-compare/-/json-schema-compare-0.2.2.tgz",
      "integrity": "sha512-c4WYmDKyJXhs7WWvAWm3uIYnfyWFoIp+JEoX34rctVvEkMYCPGhXtvmFFXiffBbxfZsvQ0RNnV5H7GvDF5HCqQ==",
      "dependencies": {
        "lodash": "^4.17.4"
      }
    },
    "node_modules/json-schema-merge-allof": {
      "version": "0.8.1",
      "resolved": "https://registry.npmjs.org/json-schema-merge-allof/-/json-schema-merge-allof-0.8.1.tgz",
      "integrity": "sha512-CTUKmIlPJbsWfzRRnOXz+0MjIqvnleIXwFTzz+t9T86HnYX/Rozria6ZVGLktAU9e+NygNljveP+yxqtQp/Q4w==",
      "dependencies": {
        "compute-lcm": "^1.1.2",
        "json-schema-compare": "^0.2.2",
        "lodash": "^4.17.20"
      },
      "engines": {
        "node": ">=12.0.0"
      }
    },
    "node_modules/json-schema-traverse": {
      "version": "1.0.0",
      "resolved": "https://registry.npmjs.org/json-schema-traverse/-/json-schema-traverse-1.0.0.tgz",
      "integrity": "sha512-NM8/P9n3XjXhIZn1lLhkFaACTOURQXjWhV4BA/RnOv8xvgqtqpAX9IO4mRQxSx1Rlo4tqzeqb0sOlruaOy3dug=="
    },
    "node_modules/json5": {
      "version": "2.2.3",
      "resolved": "https://registry.npmjs.org/json5/-/json5-2.2.3.tgz",
      "integrity": "sha512-XmOWe7eyHYH14cLdVPoyg+GOH3rYX++KpzrylJwSW98t3Nk+U8XOl8FWKOgwtzdb8lXGf6zYwDUzeHMWfxasyg==",
      "bin": {
        "json5": "lib/cli.js"
      },
      "engines": {
        "node": ">=6"
      }
    },
    "node_modules/jsonpointer": {
      "version": "5.0.1",
      "resolved": "https://registry.npmjs.org/jsonpointer/-/jsonpointer-5.0.1.tgz",
      "integrity": "sha512-p/nXbhSEcu3pZRdkW1OfJhpsVtW1gd4Wa1fnQc9YLiTfAjn0312eMKimbdIQzuZl9aa9xUGaRlP9T/CJE/ditQ==",
      "engines": {
        "node": ">=0.10.0"
      }
    },
    "node_modules/lib0": {
      "version": "0.2.88",
      "resolved": "https://registry.npmjs.org/lib0/-/lib0-0.2.88.tgz",
      "integrity": "sha512-KyroiEvCeZcZEMx5Ys+b4u4eEBbA1ch7XUaBhYpwa/nPMrzTjUhI4RfcytmQfYoTBPcdyx+FX6WFNIoNuJzJfQ==",
      "dependencies": {
        "isomorphic.js": "^0.2.4"
      },
      "bin": {
        "0gentesthtml": "bin/gentesthtml.js",
        "0serve": "bin/0serve.js"
      },
      "engines": {
        "node": ">=16"
      },
      "funding": {
        "type": "GitHub Sponsors ❤",
        "url": "https://github.com/sponsors/dmonad"
      }
    },
    "node_modules/lodash": {
      "version": "4.17.21",
      "resolved": "https://registry.npmjs.org/lodash/-/lodash-4.17.21.tgz",
      "integrity": "sha512-v2kDEe57lecTulaDIuNTPy3Ry4gLGJ6Z1O3vE1krgXZNrsQ+LFTGHVxVjcXPs17LhbZVGedAJv8XZ1tvj5FvSg=="
    },
    "node_modules/lodash-es": {
      "version": "4.17.21",
      "resolved": "https://registry.npmjs.org/lodash-es/-/lodash-es-4.17.21.tgz",
      "integrity": "sha512-mKnC+QJ9pWVzv+C4/U3rRsHapFfHvQFoFB92e52xeyGMcX6/OlIl78je1u8vePzYZSkkogMPJ2yjxxsb89cxyw=="
    },
    "node_modules/loose-envify": {
      "version": "1.4.0",
      "resolved": "https://registry.npmjs.org/loose-envify/-/loose-envify-1.4.0.tgz",
      "integrity": "sha512-lyuxPGr/Wfhrlem2CL/UcnUc1zcqKAImBDzukY7Y5F/yQiNdko6+fRLevlw1HgMySw7f611UIY408EtxRSoK3Q==",
      "peer": true,
      "dependencies": {
        "js-tokens": "^3.0.0 || ^4.0.0"
      },
      "bin": {
        "loose-envify": "cli.js"
      }
    },
    "node_modules/minimatch": {
      "version": "3.1.2",
      "resolved": "https://registry.npmjs.org/minimatch/-/minimatch-3.1.2.tgz",
      "integrity": "sha512-J7p63hRiAjw1NDEww1W7i37+ByIrOWO5XQQAzZ3VOcL0PNybwpfmV/N05zFAzwQ9USyEcX6t3UO+K5aqBQOIHw==",
      "dependencies": {
        "brace-expansion": "^1.1.7"
      },
      "engines": {
        "node": "*"
      }
    },
    "node_modules/minimist": {
      "version": "1.2.8",
      "resolved": "https://registry.npmjs.org/minimist/-/minimist-1.2.8.tgz",
      "integrity": "sha512-2yyAR8qBkN3YuheJanUpWC5U3bb5osDywNB8RzDVlDwDHbocAJveqqj1u8+SVD7jkWT4yvsHCpWqqWqAxb0zCA==",
      "funding": {
        "url": "https://github.com/sponsors/ljharb"
      }
    },
    "node_modules/node-addon-api": {
      "version": "7.1.0",
      "resolved": "https://registry.npmjs.org/node-addon-api/-/node-addon-api-7.1.0.tgz",
      "integrity": "sha512-mNcltoe1R8o7STTegSOHdnJNN7s5EUvhoS7ShnTHDyOSd+8H+UdWODq6qSv67PjC8Zc5JRT8+oLAMCr0SIXw7g==",
      "engines": {
        "node": "^16 || ^18 || >= 20"
      }
    },
    "node_modules/once": {
      "version": "1.4.0",
      "resolved": "https://registry.npmjs.org/once/-/once-1.4.0.tgz",
      "integrity": "sha512-lNaJgI+2Q5URQBkccEKHTQOPaXdUxnZZElQTZY0MFUAuaEqe1E+Nyvgdz/aIyNi6Z9MzO5dv1H8n58/GELp3+w==",
      "dependencies": {
        "wrappy": "1"
      }
    },
    "node_modules/path-browserify": {
      "version": "1.0.1",
      "resolved": "https://registry.npmjs.org/path-browserify/-/path-browserify-1.0.1.tgz",
      "integrity": "sha512-b7uo2UCUOYZcnF/3ID0lulOJi/bafxa1xPe7ZPsammBSpjSWQkjNxlt635YGS2MiR9GjvuXCtz2emr3jbsz98g=="
    },
    "node_modules/path-is-absolute": {
      "version": "1.0.1",
      "resolved": "https://registry.npmjs.org/path-is-absolute/-/path-is-absolute-1.0.1.tgz",
      "integrity": "sha512-AVbw3UJ2e9bq64vSaS9Am0fje1Pa8pbGqTTsmXfaIiMpnr5DlDhfJOuLj9Sf95ZPVDAUerDfEk88MPmPe7UCQg==",
      "engines": {
        "node": ">=0.10.0"
      }
    },
    "node_modules/path-key": {
      "version": "3.1.1",
      "resolved": "https://registry.npmjs.org/path-key/-/path-key-3.1.1.tgz",
      "integrity": "sha512-ojmeN0qd+y0jszEtoY48r0Peq5dwMEkIlCOu6Q5f41lfkswXuKtYrhgoTpLnyIcHm24Uhqx+5Tqm2InSwLhE6Q==",
      "engines": {
        "node": ">=8"
      }
    },
    "node_modules/path-parse": {
      "version": "1.0.7",
      "resolved": "https://registry.npmjs.org/path-parse/-/path-parse-1.0.7.tgz",
      "integrity": "sha512-LDJzPVEEEPR+y48z93A0Ed0yXb8pAByGWo/k5YYdYgpY2/2EsOsksJrq7lOHxryrVOn1ejG6oAp8ahvOIQD8sw=="
    },
    "node_modules/punycode": {
      "version": "2.3.1",
      "resolved": "https://registry.npmjs.org/punycode/-/punycode-2.3.1.tgz",
      "integrity": "sha512-vYt7UD1U9Wg6138shLtLOvdAu+8DsC/ilFtEVHcH+wydcSpNE20AfSOduf6MkRFahL5FY7X1oU7nKVZFtfq8Fg==",
      "engines": {
        "node": ">=6"
      }
    },
    "node_modules/querystringify": {
      "version": "2.2.0",
      "resolved": "https://registry.npmjs.org/querystringify/-/querystringify-2.2.0.tgz",
      "integrity": "sha512-FIqgj2EUvTa7R50u0rGsyTftzjYmv/a3hO345bZNrqabNqjtgiDMgmo4mkUjd+nzU5oF3dClKqFIPUKybUyqoQ=="
    },
    "node_modules/react": {
      "version": "18.2.0",
      "resolved": "https://registry.npmjs.org/react/-/react-18.2.0.tgz",
      "integrity": "sha512-/3IjMdb2L9QbBdWiW5e3P2/npwMBaU9mHCSCUzNln0ZCYbcfTsGbTJrU/kGemdH2IWmB2ioZ+zkxtmq6g09fGQ==",
      "peer": true,
      "dependencies": {
        "loose-envify": "^1.1.0"
      },
      "engines": {
        "node": ">=0.10.0"
      }
    },
    "node_modules/react-is": {
      "version": "18.2.0",
      "resolved": "https://registry.npmjs.org/react-is/-/react-is-18.2.0.tgz",
      "integrity": "sha512-xWGDIW6x921xtzPkhiULtthJHoJvBbF3q26fzloPCK0hsvxtPVelvftw3zjbHWSkR2km9Z+4uxbDDK/6Zw9B8w=="
    },
    "node_modules/rechoir": {
      "version": "0.6.2",
      "resolved": "https://registry.npmjs.org/rechoir/-/rechoir-0.6.2.tgz",
      "integrity": "sha512-HFM8rkZ+i3zrV+4LQjwQ0W+ez98pApMGM3HUrN04j3CqzPOzl9nmP15Y8YXNm8QHGv/eacOVEjqhmWpkRV0NAw==",
      "dependencies": {
        "resolve": "^1.1.6"
      },
      "engines": {
        "node": ">= 0.10"
      }
    },
    "node_modules/require-from-string": {
      "version": "2.0.2",
      "resolved": "https://registry.npmjs.org/require-from-string/-/require-from-string-2.0.2.tgz",
      "integrity": "sha512-Xf0nWe6RseziFMu+Ap9biiUbmplq6S9/p+7w7YXP/JBHhrUDDUhwa+vANyubuqfZWTveU//DYVGsDG7RKL/vEw==",
      "engines": {
        "node": ">=0.10.0"
      }
    },
    "node_modules/requires-port": {
      "version": "1.0.0",
      "resolved": "https://registry.npmjs.org/requires-port/-/requires-port-1.0.0.tgz",
      "integrity": "sha512-KigOCHcocU3XODJxsu8i/j8T9tzT4adHiecwORRQ0ZZFcp7ahwXuRU1m+yuO90C5ZUyGeGfocHDI14M3L3yDAQ=="
    },
    "node_modules/resolve": {
      "version": "1.22.8",
      "resolved": "https://registry.npmjs.org/resolve/-/resolve-1.22.8.tgz",
      "integrity": "sha512-oKWePCxqpd6FlLvGV1VU0x7bkPmmCNolxzjMf4NczoDnQcIWrAF+cPtZn5i6n+RfD2d9i0tzpKnG6Yk168yIyw==",
      "dependencies": {
        "is-core-module": "^2.13.0",
        "path-parse": "^1.0.7",
        "supports-preserve-symlinks-flag": "^1.0.0"
      },
      "bin": {
        "resolve": "bin/resolve"
      },
      "funding": {
        "url": "https://github.com/sponsors/ljharb"
      }
    },
    "node_modules/shebang-command": {
      "version": "2.0.0",
      "resolved": "https://registry.npmjs.org/shebang-command/-/shebang-command-2.0.0.tgz",
      "integrity": "sha512-kHxr2zZpYtdmrN1qDjrrX/Z1rR1kG8Dx+gkpK1G4eXmvXswmcE1hTWBWYUzlraYw1/yZp6YuDY77YtvbN0dmDA==",
      "dependencies": {
        "shebang-regex": "^3.0.0"
      },
      "engines": {
        "node": ">=8"
      }
    },
    "node_modules/shebang-regex": {
      "version": "3.0.0",
      "resolved": "https://registry.npmjs.org/shebang-regex/-/shebang-regex-3.0.0.tgz",
      "integrity": "sha512-7++dFhtcx3353uBaq8DDR4NuxBetBzC7ZQOhmTQInHEd6bSrXdiEyzCvG07Z44UYdLShWUyXt5M/yhz8ekcb1A==",
      "engines": {
        "node": ">=8"
      }
    },
    "node_modules/shelljs": {
      "version": "0.8.5",
      "resolved": "https://registry.npmjs.org/shelljs/-/shelljs-0.8.5.tgz",
      "integrity": "sha512-TiwcRcrkhHvbrZbnRcFYMLl30Dfov3HKqzp5tO5b4pt6G/SezKcYhmDg15zXVBswHmctSAQKznqNW2LO5tTDow==",
      "dependencies": {
        "glob": "^7.0.0",
        "interpret": "^1.0.0",
        "rechoir": "^0.6.2"
      },
      "bin": {
        "shjs": "bin/shjs"
      },
      "engines": {
        "node": ">=4"
      }
    },
    "node_modules/shx": {
      "version": "0.3.4",
      "resolved": "https://registry.npmjs.org/shx/-/shx-0.3.4.tgz",
      "integrity": "sha512-N6A9MLVqjxZYcVn8hLmtneQWIJtp8IKzMP4eMnx+nqkvXoqinUPCbUFLp2UcWTEIUONhlk0ewxr/jaVGlc+J+g==",
      "dependencies": {
        "minimist": "^1.2.3",
        "shelljs": "^0.8.5"
      },
      "bin": {
        "shx": "lib/cli.js"
      },
      "engines": {
        "node": ">=6"
      }
    },
    "node_modules/supports-preserve-symlinks-flag": {
      "version": "1.0.0",
      "resolved": "https://registry.npmjs.org/supports-preserve-symlinks-flag/-/supports-preserve-symlinks-flag-1.0.0.tgz",
      "integrity": "sha512-ot0WnXS9fgdkgIcePe6RHNk1WA8+muPa6cSjeR3V8K27q9BB1rTE3R1p7Hv0z1ZyAc8s6Vvv8DIyWf681MAt0w==",
      "engines": {
        "node": ">= 0.4"
      },
      "funding": {
        "url": "https://github.com/sponsors/ljharb"
      }
    },
    "node_modules/uri-js": {
      "version": "4.4.1",
      "resolved": "https://registry.npmjs.org/uri-js/-/uri-js-4.4.1.tgz",
      "integrity": "sha512-7rKUyy33Q1yc98pQ1DAmLtwX109F7TIfWlW1Ydo8Wl1ii1SeHieeh0HHfPeL2fMXK6z0s8ecKs9frCuLJvndBg==",
      "dependencies": {
        "punycode": "^2.1.0"
      }
    },
    "node_modules/url-parse": {
      "version": "1.5.10",
      "resolved": "https://registry.npmjs.org/url-parse/-/url-parse-1.5.10.tgz",
      "integrity": "sha512-WypcfiRhfeUP9vvF0j6rw0J3hrWrw6iZv3+22h6iRMJ/8z1Tj6XfLP4DsUix5MhMPnXpiHDoKyoZ/bdCkwBCiQ==",
      "dependencies": {
        "querystringify": "^2.1.1",
        "requires-port": "^1.0.0"
      }
    },
    "node_modules/validate.io-array": {
      "version": "1.0.6",
      "resolved": "https://registry.npmjs.org/validate.io-array/-/validate.io-array-1.0.6.tgz",
      "integrity": "sha512-DeOy7CnPEziggrOO5CZhVKJw6S3Yi7e9e65R1Nl/RTN1vTQKnzjfvks0/8kQ40FP/dsjRAOd4hxmJ7uLa6vxkg=="
    },
    "node_modules/validate.io-function": {
      "version": "1.0.2",
      "resolved": "https://registry.npmjs.org/validate.io-function/-/validate.io-function-1.0.2.tgz",
      "integrity": "sha512-LlFybRJEriSuBnUhQyG5bwglhh50EpTL2ul23MPIuR1odjO7XaMLFV8vHGwp7AZciFxtYOeiSCT5st+XSPONiQ=="
    },
    "node_modules/validate.io-integer": {
      "version": "1.0.5",
      "resolved": "https://registry.npmjs.org/validate.io-integer/-/validate.io-integer-1.0.5.tgz",
      "integrity": "sha512-22izsYSLojN/P6bppBqhgUDjCkr5RY2jd+N2a3DCAUey8ydvrZ/OkGvFPR7qfOpwR2LC5p4Ngzxz36g5Vgr/hQ==",
      "dependencies": {
        "validate.io-number": "^1.0.3"
      }
    },
    "node_modules/validate.io-integer-array": {
      "version": "1.0.0",
      "resolved": "https://registry.npmjs.org/validate.io-integer-array/-/validate.io-integer-array-1.0.0.tgz",
      "integrity": "sha512-mTrMk/1ytQHtCY0oNO3dztafHYyGU88KL+jRxWuzfOmQb+4qqnWmI+gykvGp8usKZOM0H7keJHEbRaFiYA0VrA==",
      "dependencies": {
        "validate.io-array": "^1.0.3",
        "validate.io-integer": "^1.0.4"
      }
    },
    "node_modules/validate.io-number": {
      "version": "1.0.3",
      "resolved": "https://registry.npmjs.org/validate.io-number/-/validate.io-number-1.0.3.tgz",
      "integrity": "sha512-kRAyotcbNaSYoDnXvb4MHg/0a1egJdLwS6oJ38TJY7aw9n93Fl/3blIXdyYvPOp55CNxywooG/3BcrwNrBpcSg=="
    },
    "node_modules/which": {
      "version": "2.0.2",
      "resolved": "https://registry.npmjs.org/which/-/which-2.0.2.tgz",
      "integrity": "sha512-BLI3Tl1TW3Pvl70l3yq3Y64i+awpwXqsGBYWkkqMtnbXgrMD+yj7rhW0kuEDxzJaYXGjEW5ogapKNMEKNMjibA==",
      "dependencies": {
        "isexe": "^2.0.0"
      },
      "bin": {
        "node-which": "bin/node-which"
      },
      "engines": {
        "node": ">= 8"
      }
    },
    "node_modules/wrappy": {
      "version": "1.0.2",
      "resolved": "https://registry.npmjs.org/wrappy/-/wrappy-1.0.2.tgz",
      "integrity": "sha512-l4Sp/DRseor9wL6EvV2+TuQn63dMkPjZ/sp9XkghTEbV9KlPS1xUsZ3u7/IQO4wxtcFB4bgpQPRcR3QCvezPcQ=="
    },
    "node_modules/ws": {
      "version": "8.16.0",
      "resolved": "https://registry.npmjs.org/ws/-/ws-8.16.0.tgz",
      "integrity": "sha512-HS0c//TP7Ina87TfiPUz1rQzMhHrl/SG2guqRcTOIUYD2q8uhUdNHZYJUaQ8aTGPzCh+c6oawMKW35nFl1dxyQ==",
      "engines": {
        "node": ">=10.0.0"
      },
      "peerDependencies": {
        "bufferutil": "^4.0.1",
        "utf-8-validate": ">=5.0.2"
      },
      "peerDependenciesMeta": {
        "bufferutil": {
          "optional": true
        },
        "utf-8-validate": {
          "optional": true
        }
      }
    },
    "node_modules/y-protocols": {
      "version": "1.0.6",
      "resolved": "https://registry.npmjs.org/y-protocols/-/y-protocols-1.0.6.tgz",
      "integrity": "sha512-vHRF2L6iT3rwj1jub/K5tYcTT/mEYDUppgNPXwp8fmLpui9f7Yeq3OEtTLVF012j39QnV+KEQpNqoN7CWU7Y9Q==",
      "dependencies": {
        "lib0": "^0.2.85"
      },
      "engines": {
        "node": ">=16.0.0",
        "npm": ">=8.0.0"
      },
      "funding": {
        "type": "GitHub Sponsors ❤",
        "url": "https://github.com/sponsors/dmonad"
      },
      "peerDependencies": {
        "yjs": "^13.0.0"
      }
    },
    "node_modules/yjs": {
      "version": "13.6.12",
      "resolved": "https://registry.npmjs.org/yjs/-/yjs-13.6.12.tgz",
      "integrity": "sha512-KOT8ILoyVH2f/PxPadeu5kVVS055D1r3x1iFfJVJzFdnN98pVGM8H07NcKsO+fG3F7/0tf30Vnokf5YIqhU/iw==",
      "dependencies": {
        "lib0": "^0.2.86"
      },
      "engines": {
        "node": ">=16.0.0",
        "npm": ">=8.0.0"
      },
      "funding": {
        "type": "GitHub Sponsors ❤",
        "url": "https://github.com/sponsors/dmonad"
      }
    },
    "node_modules/zeromq": {
      "version": "6.0.0-beta.19",
      "resolved": "https://registry.npmjs.org/zeromq/-/zeromq-6.0.0-beta.19.tgz",
      "integrity": "sha512-2eU6H7Z4r9LmTkseGdIfEqp0k3rJr5EpXQw2oC0bUqy3wpoj1M83IU/c3qHPXp0z8IklNMoVmVm130d3g2Xf3g==",
      "hasInstallScript": true,
      "dependencies": {
        "@aminya/node-gyp-build": "4.5.0-aminya.5",
        "cross-env": "^7.0.3",
        "node-addon-api": "^7.0.0",
        "shelljs": "^0.8.5",
        "shx": "^0.3.4"
      },
      "engines": {
        "node": ">= 10.2"
      }
    }
  }
}
